{
  "version": 4,
  "terraform_version": "1.1.2",
  "serial": 377,
  "lineage": "913dc11e-f7de-282f-075e-a1c8caf1525c",
  "outputs": {},
  "resources": [
    {
      "mode": "managed",
      "type": "google_compute_firewall",
      "name": "rules",
      "provider": "provider[\"registry.terraform.io/hashicorp/google\"]",
      "instances": [
        {
          "schema_version": 1,
          "attributes": {
            "allow": [
              {
                "ports": [
                  "80",
                  "22",
                  "443"
                ],
                "protocol": "tcp"
              }
            ],
            "creation_timestamp": "2022-01-11T09:27:08.564-08:00",
            "deny": [],
            "description": "",
            "destination_ranges": [],
            "direction": "INGRESS",
            "disabled": false,
            "enable_logging": null,
            "id": "projects/abdelrahman-saeed/global/firewalls/allow1",
            "log_config": [],
            "name": "allow1",
            "network": "https://www.googleapis.com/compute/v1/projects/abdelrahman-saeed/global/networks/gke-network",
            "priority": 1000,
            "project": "abdelrahman-saeed",
            "self_link": "https://www.googleapis.com/compute/v1/projects/abdelrahman-saeed/global/firewalls/allow1",
            "source_ranges": [
              "35.235.240.0/20"
            ],
            "source_service_accounts": [],
            "source_tags": [],
            "target_service_accounts": [],
            "target_tags": [],
            "timeouts": null
          },
          "sensitive_attributes": [],
          "private": "eyJlMmJmYjczMC1lY2FhLTExZTYtOGY4OC0zNDM2M2JjN2M0YzAiOnsiY3JlYXRlIjoyNDAwMDAwMDAwMDAsImRlbGV0ZSI6MjQwMDAwMDAwMDAwLCJ1cGRhdGUiOjI0MDAwMDAwMDAwMH0sInNjaGVtYV92ZXJzaW9uIjoiMSJ9",
          "dependencies": [
            "google_compute_network.vpc_network"
          ]
        }
      ]
    },
    {
      "mode": "managed",
      "type": "google_compute_instance",
      "name": "private_vm",
      "provider": "provider[\"registry.terraform.io/hashicorp/google\"]",
      "instances": [
        {
          "schema_version": 6,
          "attributes": {
            "advanced_machine_features": [],
            "allow_stopping_for_update": null,
            "attached_disk": [],
            "boot_disk": [
              {
                "auto_delete": true,
                "device_name": "persistent-disk-0",
                "disk_encryption_key_raw": "",
                "disk_encryption_key_sha256": "",
                "initialize_params": [
                  {
                    "image": "https://www.googleapis.com/compute/v1/projects/debian-cloud/global/images/debian-9-stretch-v20211209",
                    "labels": {},
                    "size": 10,
                    "type": "pd-standard"
                  }
                ],
                "kms_key_self_link": "",
                "mode": "READ_WRITE",
                "source": "https://www.googleapis.com/compute/v1/projects/abdelrahman-saeed/zones/us-central1-a/disks/ssh-vm"
              }
            ],
            "can_ip_forward": false,
            "confidential_instance_config": [],
            "cpu_platform": "Intel Broadwell",
            "current_status": "RUNNING",
            "deletion_protection": false,
            "description": "",
            "desired_status": null,
            "enable_display": false,
            "guest_accelerator": [],
            "hostname": "",
            "id": "projects/abdelrahman-saeed/zones/us-central1-a/instances/ssh-vm",
            "instance_id": "980897214231509540",
            "label_fingerprint": "42WmSpB8rSM=",
            "labels": null,
            "machine_type": "e2-small",
            "metadata": null,
            "metadata_fingerprint": "CsdgZLenWXI=",
            "metadata_startup_script": null,
            "min_cpu_platform": "",
            "name": "ssh-vm",
            "network_interface": [
              {
                "access_config": [],
                "alias_ip_range": [],
                "ipv6_access_config": [],
                "ipv6_access_type": "",
                "name": "nic0",
                "network": "https://www.googleapis.com/compute/v1/projects/abdelrahman-saeed/global/networks/gke-network",
                "network_ip": "10.0.0.3",
                "nic_type": "",
                "queue_count": 0,
                "stack_type": "IPV4_ONLY",
                "subnetwork": "https://www.googleapis.com/compute/v1/projects/abdelrahman-saeed/regions/us-central1/subnetworks/managment-subnet",
                "subnetwork_project": "abdelrahman-saeed"
              }
            ],
            "project": "abdelrahman-saeed",
            "reservation_affinity": [],
            "resource_policies": null,
            "scheduling": [
              {
                "automatic_restart": true,
                "min_node_cpus": 0,
                "node_affinities": [],
                "on_host_maintenance": "MIGRATE",
                "preemptible": false
              }
            ],
            "scratch_disk": [],
            "self_link": "https://www.googleapis.com/compute/v1/projects/abdelrahman-saeed/zones/us-central1-a/instances/ssh-vm",
            "service_account": [
              {
                "email": "1011728173542-compute@developer.gserviceaccount.com",
                "scopes": [
                  "https://www.googleapis.com/auth/cloud-platform"
                ]
              }
            ],
            "shielded_instance_config": [],
            "tags": null,
            "tags_fingerprint": "42WmSpB8rSM=",
            "timeouts": null,
            "zone": "us-central1-a"
          },
          "sensitive_attributes": [],
          "private": "eyJlMmJmYjczMC1lY2FhLTExZTYtOGY4OC0zNDM2M2JjN2M0YzAiOnsiY3JlYXRlIjoxMjAwMDAwMDAwMDAwLCJkZWxldGUiOjEyMDAwMDAwMDAwMDAsInVwZGF0ZSI6MTIwMDAwMDAwMDAwMH0sInNjaGVtYV92ZXJzaW9uIjoiNiJ9",
          "dependencies": [
            "google_compute_subnetwork.public_subnet"
          ]
        }
      ]
    },
    {
      "mode": "managed",
      "type": "google_compute_network",
      "name": "vpc_network",
      "provider": "provider[\"registry.terraform.io/hashicorp/google\"]",
      "instances": [
        {
          "schema_version": 0,
          "attributes": {
            "auto_create_subnetworks": false,
            "delete_default_routes_on_create": false,
            "description": "",
            "gateway_ipv4": "",
            "id": "projects/abdelrahman-saeed/global/networks/gke-network",
            "mtu": 0,
            "name": "gke-network",
            "project": "abdelrahman-saeed",
            "routing_mode": "REGIONAL",
            "self_link": "https://www.googleapis.com/compute/v1/projects/abdelrahman-saeed/global/networks/gke-network",
            "timeouts": null
          },
          "sensitive_attributes": [],
          "private": "eyJlMmJmYjczMC1lY2FhLTExZTYtOGY4OC0zNDM2M2JjN2M0YzAiOnsiY3JlYXRlIjoyNDAwMDAwMDAwMDAsImRlbGV0ZSI6MjQwMDAwMDAwMDAwLCJ1cGRhdGUiOjI0MDAwMDAwMDAwMH19"
        }
      ]
    },
    {
      "mode": "managed",
      "type": "google_compute_router",
      "name": "router",
      "provider": "provider[\"registry.terraform.io/hashicorp/google\"]",
      "instances": [
        {
          "schema_version": 0,
          "attributes": {
            "bgp": [
              {
                "advertise_mode": "DEFAULT",
                "advertised_groups": [],
                "advertised_ip_ranges": [],
                "asn": 64514
              }
            ],
            "creation_timestamp": "2022-01-11T09:27:08.643-08:00",
            "description": "",
            "encrypted_interconnect_router": false,
            "id": "projects/abdelrahman-saeed/regions/us-central1/routers/router-gke",
            "name": "router-gke",
            "network": "https://www.googleapis.com/compute/v1/projects/abdelrahman-saeed/global/networks/gke-network",
            "project": "abdelrahman-saeed",
            "region": "us-central1",
            "self_link": "https://www.googleapis.com/compute/v1/projects/abdelrahman-saeed/regions/us-central1/routers/router-gke",
            "timeouts": null
          },
          "sensitive_attributes": [],
          "private": "eyJlMmJmYjczMC1lY2FhLTExZTYtOGY4OC0zNDM2M2JjN2M0YzAiOnsiY3JlYXRlIjoyNDAwMDAwMDAwMDAsImRlbGV0ZSI6MjQwMDAwMDAwMDAwLCJ1cGRhdGUiOjI0MDAwMDAwMDAwMH19",
          "dependencies": [
            "google_compute_network.vpc_network"
          ]
        }
      ]
    },
    {
      "mode": "managed",
      "type": "google_compute_router_nat",
      "name": "nat",
      "provider": "provider[\"registry.terraform.io/hashicorp/google\"]",
      "instances": [
        {
          "schema_version": 0,
          "attributes": {
            "drain_nat_ips": [],
            "enable_endpoint_independent_mapping": true,
            "icmp_idle_timeout_sec": 30,
            "id": "abdelrahman-saeed/us-central1/router-gke/nat-gke",
            "log_config": [],
            "min_ports_per_vm": 0,
            "name": "nat-gke",
            "nat_ip_allocate_option": "AUTO_ONLY",
            "nat_ips": [],
            "project": "abdelrahman-saeed",
            "region": "us-central1",
            "router": "router-gke",
            "source_subnetwork_ip_ranges_to_nat": "LIST_OF_SUBNETWORKS",
            "subnetwork": [
              {
                "name": "https://www.googleapis.com/compute/v1/projects/abdelrahman-saeed/regions/us-central1/subnetworks/managment-subnet",
                "secondary_ip_range_names": [],
                "source_ip_ranges_to_nat": [
                  "ALL_IP_RANGES"
                ]
              }
            ],
            "tcp_established_idle_timeout_sec": 1200,
            "tcp_transitory_idle_timeout_sec": 30,
            "timeouts": null,
            "udp_idle_timeout_sec": 30
          },
          "sensitive_attributes": [],
          "private": "eyJlMmJmYjczMC1lY2FhLTExZTYtOGY4OC0zNDM2M2JjN2M0YzAiOnsiY3JlYXRlIjo2MDAwMDAwMDAwMDAsImRlbGV0ZSI6NjAwMDAwMDAwMDAwLCJ1cGRhdGUiOjYwMDAwMDAwMDAwMH19",
          "dependencies": [
            "google_compute_network.vpc_network",
            "google_compute_router.router",
            "google_compute_subnetwork.public_subnet"
          ]
        }
      ]
    },
    {
      "mode": "managed",
      "type": "google_compute_subnetwork",
      "name": "private_subnet",
      "provider": "provider[\"registry.terraform.io/hashicorp/google\"]",
      "instances": [
        {
          "schema_version": 0,
          "attributes": {
            "creation_timestamp": "2022-01-11T09:27:08.930-08:00",
            "description": "",
            "external_ipv6_prefix": "",
            "fingerprint": null,
            "gateway_address": "10.1.0.1",
            "id": "projects/abdelrahman-saeed/regions/us-central1/subnetworks/restricted-subnet",
            "ip_cidr_range": "10.1.0.0/16",
            "ipv6_access_type": "",
            "ipv6_cidr_range": "",
            "log_config": [],
            "name": "restricted-subnet",
            "network": "https://www.googleapis.com/compute/v1/projects/abdelrahman-saeed/global/networks/gke-network",
            "private_ip_google_access": false,
            "private_ipv6_google_access": "DISABLE_GOOGLE_ACCESS",
            "project": "abdelrahman-saeed",
            "purpose": "PRIVATE",
            "region": "us-central1",
            "role": "",
            "secondary_ip_range": [
              {
                "ip_cidr_range": "10.2.0.0/16",
                "range_name": "gke-my-gke-cluster-pods-895d0be3"
              },
              {
                "ip_cidr_range": "10.3.0.0/16",
                "range_name": "gke-my-gke-cluster-services-895d0be3"
              }
            ],
            "self_link": "https://www.googleapis.com/compute/v1/projects/abdelrahman-saeed/regions/us-central1/subnetworks/restricted-subnet",
            "stack_type": "IPV4_ONLY",
            "timeouts": null
          },
          "sensitive_attributes": [],
          "private": "eyJlMmJmYjczMC1lY2FhLTExZTYtOGY4OC0zNDM2M2JjN2M0YzAiOnsiY3JlYXRlIjozNjAwMDAwMDAwMDAsImRlbGV0ZSI6MzYwMDAwMDAwMDAwLCJ1cGRhdGUiOjM2MDAwMDAwMDAwMH19",
          "dependencies": [
            "google_compute_network.vpc_network"
          ]
        }
      ]
    },
    {
      "mode": "managed",
      "type": "google_compute_subnetwork",
      "name": "public_subnet",
      "provider": "provider[\"registry.terraform.io/hashicorp/google\"]",
      "instances": [
        {
          "schema_version": 0,
          "attributes": {
            "creation_timestamp": "2022-01-11T09:27:08.599-08:00",
            "description": "",
            "external_ipv6_prefix": "",
            "fingerprint": null,
            "gateway_address": "10.0.0.1",
            "id": "projects/abdelrahman-saeed/regions/us-central1/subnetworks/managment-subnet",
            "ip_cidr_range": "10.0.0.0/16",
            "ipv6_access_type": "",
            "ipv6_cidr_range": "",
            "log_config": [],
            "name": "managment-subnet",
            "network": "https://www.googleapis.com/compute/v1/projects/abdelrahman-saeed/global/networks/gke-network",
            "private_ip_google_access": false,
            "private_ipv6_google_access": "DISABLE_GOOGLE_ACCESS",
            "project": "abdelrahman-saeed",
            "purpose": "PRIVATE",
            "region": "us-central1",
            "role": "",
            "secondary_ip_range": [],
            "self_link": "https://www.googleapis.com/compute/v1/projects/abdelrahman-saeed/regions/us-central1/subnetworks/managment-subnet",
            "stack_type": "IPV4_ONLY",
            "timeouts": null
          },
          "sensitive_attributes": [],
          "private": "eyJlMmJmYjczMC1lY2FhLTExZTYtOGY4OC0zNDM2M2JjN2M0YzAiOnsiY3JlYXRlIjozNjAwMDAwMDAwMDAsImRlbGV0ZSI6MzYwMDAwMDAwMDAwLCJ1cGRhdGUiOjM2MDAwMDAwMDAwMH19",
          "dependencies": [
            "google_compute_network.vpc_network"
          ]
        }
      ]
    },
    {
      "mode": "managed",
      "type": "google_container_cluster",
      "name": "primary",
      "provider": "provider[\"registry.terraform.io/hashicorp/google\"]",
      "instances": [
        {
          "schema_version": 1,
          "attributes": {
            "addons_config": [
              {
                "cloudrun_config": [],
                "horizontal_pod_autoscaling": [],
                "http_load_balancing": [],
                "network_policy_config": [
                  {
                    "disabled": true
                  }
                ]
              }
            ],
            "authenticator_groups_config": [],
            "cluster_autoscaling": [
              {
                "auto_provisioning_defaults": [],
                "enabled": false,
                "resource_limits": []
              }
            ],
            "cluster_ipv4_cidr": "10.2.0.0/16",
            "confidential_nodes": [],
            "database_encryption": [
              {
                "key_name": "",
                "state": "DECRYPTED"
              }
            ],
            "datapath_provider": "",
            "default_max_pods_per_node": 110,
            "default_snat_status": [
              {
                "disabled": false
              }
            ],
            "description": "",
            "enable_autopilot": false,
            "enable_binary_authorization": false,
            "enable_intranode_visibility": false,
            "enable_kubernetes_alpha": false,
            "enable_legacy_abac": false,
            "enable_shielded_nodes": true,
            "enable_tpu": false,
            "endpoint": "172.16.0.2",
            "id": "projects/abdelrahman-saeed/locations/us-central1/clusters/my-gke-cluster",
            "initial_node_count": 1,
            "ip_allocation_policy": [
              {
                "cluster_ipv4_cidr_block": "10.2.0.0/16",
                "cluster_secondary_range_name": "gke-my-gke-cluster-pods-895d0be3",
                "services_ipv4_cidr_block": "10.3.0.0/16",
                "services_secondary_range_name": "gke-my-gke-cluster-services-895d0be3"
              }
            ],
            "label_fingerprint": "a9dc16a7",
            "location": "us-central1",
            "logging_config": [
              {
                "enable_components": [
                  "SYSTEM_COMPONENTS",
                  "WORKLOADS"
                ]
              }
            ],
            "logging_service": "logging.googleapis.com/kubernetes",
            "maintenance_policy": [],
            "master_auth": [
              {
                "client_certificate": "",
                "client_certificate_config": [
                  {
                    "issue_client_certificate": false
                  }
                ],
                "client_key": "",
                "cluster_ca_certificate": "LS0tLS1CRUdJTiBDRVJUSUZJQ0FURS0tLS0tCk1JSUVMRENDQXBTZ0F3SUJBZ0lRSEgzczNNZG1EOW1aVzhLZ05LOTFMakFOQmdrcWhraUc5dzBCQVFzRkFEQXYKTVMwd0t3WURWUVFERXlRNE5HTmhaRGRoTUMwd05EZ3hMVFJtWWpZdFlUTXhZeTFsWXpFeFltUmhZVEJtTXpZdwpJQmNOTWpJd01URXhNVFl5TnpNMFdoZ1BNakExTWpBeE1EUXhOekkzTXpSYU1DOHhMVEFyQmdOVkJBTVRKRGcwClkyRmtOMkV3TFRBME9ERXROR1ppTmkxaE16RmpMV1ZqTVRGaVpHRmhNR1l6TmpDQ0FhSXdEUVlKS29aSWh2Y04KQVFFQkJRQURnZ0dQQURDQ0FZb0NnZ0dCQU5qQzFUMHl5cXpLcTRrdk5Cc3l5NldTMXJzVWlsWEZYaFQ5TE1rdAo3R2d2R2lGbEpvTUtDRXYxc1BWbTA2VjA0VXFnc1o4T3Ntd1FCUGFyWGVDQ0NlbGx3Q1NPUWpKUVVSYWx3dXRKCnBib0k4UkZmRjB1aXlDZi9kOUN5L1dlNS8ycnh0OGxPeFhFZXpoZ2RzQWJRczZGMHZrMlNieU1RWUpyV1Z2dHYKZ3o1cEtiSlJ6VWM3VDFOaytiajFsajN4NE5BRGJ4Rk90WjV5U2ZqMzZlT1RxWHl5V0lsNDNiWkpidG12S0xzMgo5bEw0cm5QWUxLSTRPOGFoWjNydlU4U0VHMDdUT2NWczhzbzFpc2xlOUZBaVJLYVRwYm1mZ2tDM1VuNlluc3pEClVpdVdFdXo4S0pSRzhaUEw0M3Y3N29KcUR5YjdZQ28xV3ZMWjc0NkRZa1lhNVN6TVJvRmI0MWNoNnR2YjNwK2IKSWJldzNhSkRNUlBEbjYvRnNmeE0wb0RlbDl6MHhnbUd3cFVSVWZUQ1JSNzN6V2h5VXlzMWl3bDMzUkFlYjNJVApzTkhZa0IxMU9hWFRHNnlUZnhVdEI5TVJWZFdRc2RZeEJ1QUxrc3krVEdrMWVWckVneDR6VElDUWtTa2NnbGJtCmcwdHVRaW1vS2hDMkFaWkJDVnU1d1BUdjdRSURBUUFCbzBJd1FEQU9CZ05WSFE4QkFmOEVCQU1DQWdRd0R3WUQKVlIwVEFRSC9CQVV3QXdFQi96QWRCZ05WSFE0RUZnUVVqMGpURDFCV3JJaEVpR1p1VlMwZWFTWVRNL3N3RFFZSgpLb1pJaHZjTkFRRUxCUUFEZ2dHQkFJYnRVWGx0amFFN0l3SE00Sm5hcVZrdW1mZW1QS01jUlN5UUNkKzhFV0FaCm10Vm1XUk5xMWx3T1pZd3Jsc05mOXdPbmw1YnRqdzUxWnhyZzNPbEQ0ekJtekRXRkppTUhKRVVDdWFZTW84NWEKbWpOeG5kd0pIWHlIeUNlc2VzQkJJWHdUSlZSRGRKNGEzNjVOYmJFYkF1c0hvaTB1Z3lSVmxLalRaMDBNQmozSwpQTTk3amN4SVNrbXZEU0xaMlRoSDRLQzJRYjNIQ0tlMHJHUE1FbzJnbk9OQ3EzWmZrMXZBdW9FdjhkOFdBNzJQCk1JL2QrVmd5cGZqY2ordEFnTkY5RDBmVzltYUxrMTlLN0hvUis3Y01QdEdjR3ZSdzhMK0UxZ2RJeitXcDhlTm4KbHJLMVpYSmFBZTJCWjZTOHhhMXNPTElPUDdjdStDa1JVU0FmVWtiRHV1TTRndVNOVlJRVHF5RG5zNm12UnlvYQo4OFdHK1NrZGNVajNBY0I2VENuVGptWUhPY2d2K0FSSWZCMkI1R0VjSEZtWDBXN0ZYRzBieGFnaVFZVVByaG5nCjRMZG5DOHc4VGdNQVVDNFRhK25VQVlyczVwRHUwMTNrL2JWRVRzbFo2THJMcW82RUtEdXdWemdlYXJST1N0VEsKMnFUZVg3cVJoeklMMU9EUlZ0QmZSZz09Ci0tLS0tRU5EIENFUlRJRklDQVRFLS0tLS0K"
              }
            ],
            "master_authorized_networks_config": [
              {
                "cidr_blocks": [
                  {
                    "cidr_block": "10.0.0.0/16",
                    "display_name": "net1"
                  }
                ]
              }
            ],
            "master_version": "1.21.5-gke.1302",
            "min_master_version": null,
            "monitoring_config": [
              {
                "enable_components": [
                  "SYSTEM_COMPONENTS"
                ]
              }
            ],
            "monitoring_service": "monitoring.googleapis.com/kubernetes",
            "name": "my-gke-cluster",
            "network": "projects/abdelrahman-saeed/global/networks/gke-network",
            "network_policy": [
              {
                "enabled": false,
                "provider": "PROVIDER_UNSPECIFIED"
              }
            ],
            "networking_mode": "VPC_NATIVE",
            "node_config": [
              {
                "boot_disk_kms_key": "",
                "disk_size_gb": 100,
                "disk_type": "pd-standard",
                "gcfs_config": [],
                "guest_accelerator": [],
                "image_type": "COS_CONTAINERD",
                "labels": {},
                "local_ssd_count": 0,
                "machine_type": "e2-medium",
                "metadata": {
                  "disable-legacy-endpoints": "true"
                },
                "min_cpu_platform": "",
                "node_group": "",
                "oauth_scopes": [
                  "https://www.googleapis.com/auth/cloud-platform"
                ],
                "preemptible": false,
                "service_account": "service-acount-for-gke-project@abdelrahman-saeed.iam.gserviceaccount.com",
                "shielded_instance_config": [
                  {
                    "enable_integrity_monitoring": true,
                    "enable_secure_boot": false
                  }
                ],
                "tags": [],
                "taint": [],
                "workload_metadata_config": []
              }
            ],
            "node_locations": [
              "us-central1-a",
              "us-central1-b",
              "us-central1-f"
            ],
            "node_pool": [
              {
                "autoscaling": [],
                "initial_node_count": 1,
                "instance_group_urls": [
                  "https://www.googleapis.com/compute/v1/projects/abdelrahman-saeed/zones/us-central1-b/instanceGroupManagers/gke-my-gke-cluster-my-node-pool-c01c8961-grp",
                  "https://www.googleapis.com/compute/v1/projects/abdelrahman-saeed/zones/us-central1-a/instanceGroupManagers/gke-my-gke-cluster-my-node-pool-e0266f04-grp",
                  "https://www.googleapis.com/compute/v1/projects/abdelrahman-saeed/zones/us-central1-f/instanceGroupManagers/gke-my-gke-cluster-my-node-pool-49cd635d-grp"
                ],
                "managed_instance_group_urls": [
                  "https://www.googleapis.com/compute/v1/projects/abdelrahman-saeed/zones/us-central1-b/instanceGroups/gke-my-gke-cluster-my-node-pool-c01c8961-grp",
                  "https://www.googleapis.com/compute/v1/projects/abdelrahman-saeed/zones/us-central1-a/instanceGroups/gke-my-gke-cluster-my-node-pool-e0266f04-grp",
                  "https://www.googleapis.com/compute/v1/projects/abdelrahman-saeed/zones/us-central1-f/instanceGroups/gke-my-gke-cluster-my-node-pool-49cd635d-grp"
                ],
                "management": [
                  {
                    "auto_repair": true,
                    "auto_upgrade": true
                  }
                ],
                "max_pods_per_node": 110,
                "name": "my-node-pool",
                "name_prefix": "",
                "node_config": [
                  {
                    "boot_disk_kms_key": "",
                    "disk_size_gb": 100,
                    "disk_type": "pd-standard",
                    "gcfs_config": [],
                    "guest_accelerator": [],
                    "image_type": "COS_CONTAINERD",
                    "labels": {},
                    "local_ssd_count": 0,
                    "machine_type": "e2-medium",
                    "metadata": {
                      "disable-legacy-endpoints": "true"
                    },
                    "min_cpu_platform": "",
                    "node_group": "",
                    "oauth_scopes": [
                      "https://www.googleapis.com/auth/cloud-platform"
                    ],
                    "preemptible": false,
                    "service_account": "service-acount-for-gke-project@abdelrahman-saeed.iam.gserviceaccount.com",
                    "shielded_instance_config": [
                      {
                        "enable_integrity_monitoring": true,
                        "enable_secure_boot": false
                      }
                    ],
                    "tags": [],
                    "taint": [],
                    "workload_metadata_config": []
                  }
                ],
                "node_count": 1,
                "node_locations": [
                  "us-central1-a",
                  "us-central1-b",
                  "us-central1-f"
                ],
                "upgrade_settings": [
                  {
                    "max_surge": 1,
                    "max_unavailable": 0
                  }
                ],
                "version": "1.21.5-gke.1302"
              }
            ],
            "node_version": "1.21.5-gke.1302",
            "operation": null,
            "private_cluster_config": [
              {
                "enable_private_endpoint": true,
                "enable_private_nodes": true,
                "master_global_access_config": [
                  {
                    "enabled": false
                  }
                ],
                "master_ipv4_cidr_block": "172.16.0.0/28",
                "peering_name": "gke-n5f7b478720735f9dae7-e8aa-00eb-peer",
                "private_endpoint": "172.16.0.2",
                "public_endpoint": "34.133.1.27"
              }
            ],
            "private_ipv6_google_access": "",
            "project": "abdelrahman-saeed",
            "release_channel": [
              {
                "channel": "REGULAR"
              }
            ],
            "remove_default_node_pool": true,
            "resource_labels": {},
            "resource_usage_export_config": [],
            "self_link": "https://container.googleapis.com/v1/projects/abdelrahman-saeed/locations/us-central1/clusters/my-gke-cluster",
            "services_ipv4_cidr": "10.3.0.0/16",
            "subnetwork": "projects/abdelrahman-saeed/regions/us-central1/subnetworks/restricted-subnet",
            "timeouts": null,
            "tpu_ipv4_cidr_block": "",
            "vertical_pod_autoscaling": [],
            "workload_identity_config": []
          },
          "sensitive_attributes": [],
          "private": "eyJlMmJmYjczMC1lY2FhLTExZTYtOGY4OC0zNDM2M2JjN2M0YzAiOnsiY3JlYXRlIjoyNDAwMDAwMDAwMDAwLCJkZWxldGUiOjI0MDAwMDAwMDAwMDAsInJlYWQiOjI0MDAwMDAwMDAwMDAsInVwZGF0ZSI6MzYwMDAwMDAwMDAwMH0sInNjaGVtYV92ZXJzaW9uIjoiMSJ9",
          "dependencies": [
            "google_compute_network.vpc_network",
            "google_compute_subnetwork.private_subnet"
          ]
        }
      ]
    },
    {
      "mode": "managed",
      "type": "google_container_node_pool",
      "name": "project_pool",
      "provider": "provider[\"registry.terraform.io/hashicorp/google\"]",
      "instances": [
        {
          "schema_version": 1,
          "attributes": {
            "autoscaling": [],
            "cluster": "my-gke-cluster",
            "id": "projects/abdelrahman-saeed/locations/us-central1/clusters/my-gke-cluster/nodePools/my-node-pool",
            "initial_node_count": 1,
            "instance_group_urls": [
              "https://www.googleapis.com/compute/v1/projects/abdelrahman-saeed/zones/us-central1-b/instanceGroupManagers/gke-my-gke-cluster-my-node-pool-c01c8961-grp",
              "https://www.googleapis.com/compute/v1/projects/abdelrahman-saeed/zones/us-central1-a/instanceGroupManagers/gke-my-gke-cluster-my-node-pool-e0266f04-grp",
              "https://www.googleapis.com/compute/v1/projects/abdelrahman-saeed/zones/us-central1-f/instanceGroupManagers/gke-my-gke-cluster-my-node-pool-49cd635d-grp"
            ],
            "location": "us-central1",
            "managed_instance_group_urls": [
              "https://www.googleapis.com/compute/v1/projects/abdelrahman-saeed/zones/us-central1-b/instanceGroups/gke-my-gke-cluster-my-node-pool-c01c8961-grp",
              "https://www.googleapis.com/compute/v1/projects/abdelrahman-saeed/zones/us-central1-a/instanceGroups/gke-my-gke-cluster-my-node-pool-e0266f04-grp",
              "https://www.googleapis.com/compute/v1/projects/abdelrahman-saeed/zones/us-central1-f/instanceGroups/gke-my-gke-cluster-my-node-pool-49cd635d-grp"
            ],
            "management": [
              {
                "auto_repair": true,
                "auto_upgrade": true
              }
            ],
            "max_pods_per_node": 110,
            "name": "my-node-pool",
            "name_prefix": "",
            "node_config": [
              {
                "boot_disk_kms_key": "",
                "disk_size_gb": 100,
                "disk_type": "pd-standard",
                "gcfs_config": [],
                "guest_accelerator": [],
                "image_type": "COS_CONTAINERD",
                "labels": {},
                "local_ssd_count": 0,
                "machine_type": "e2-medium",
                "metadata": {
                  "disable-legacy-endpoints": "true"
                },
                "min_cpu_platform": "",
                "node_group": "",
                "oauth_scopes": [
                  "https://www.googleapis.com/auth/cloud-platform"
                ],
                "preemptible": false,
                "service_account": "service-acount-for-gke-project@abdelrahman-saeed.iam.gserviceaccount.com",
                "shielded_instance_config": [
                  {
                    "enable_integrity_monitoring": true,
                    "enable_secure_boot": false
                  }
                ],
                "tags": [],
                "taint": [],
                "workload_metadata_config": []
              }
            ],
            "node_count": 1,
            "node_locations": [
              "us-central1-a",
              "us-central1-b",
              "us-central1-f"
            ],
            "operation": null,
            "project": "abdelrahman-saeed",
            "timeouts": null,
            "upgrade_settings": [
              {
                "max_surge": 1,
                "max_unavailable": 0
              }
            ],
            "version": "1.21.5-gke.1302"
          },
          "sensitive_attributes": [],
          "private": "eyJlMmJmYjczMC1lY2FhLTExZTYtOGY4OC0zNDM2M2JjN2M0YzAiOnsiY3JlYXRlIjoxODAwMDAwMDAwMDAwLCJkZWxldGUiOjE4MDAwMDAwMDAwMDAsInVwZGF0ZSI6MTgwMDAwMDAwMDAwMH0sInNjaGVtYV92ZXJzaW9uIjoiMSJ9",
          "dependencies": [
            "google_container_cluster.primary",
            "google_service_account.sa_gke",
            "google_compute_network.vpc_network",
            "google_compute_subnetwork.private_subnet"
          ]
        }
      ]
    },
    {
      "mode": "managed",
      "type": "google_project_iam_binding",
      "name": "sa_gke",
      "provider": "provider[\"registry.terraform.io/hashicorp/google\"]",
      "instances": [
        {
          "schema_version": 0,
          "attributes": {
            "condition": [],
            "etag": "BwXVUixBqsI=",
            "id": "abdelrahman-saeed/roles/container.admin",
            "members": [
              "serviceAccount:service-acount-for-gke-project@abdelrahman-saeed.iam.gserviceaccount.com"
            ],
            "project": "abdelrahman-saeed",
            "role": "roles/container.admin"
          },
          "sensitive_attributes": [],
          "private": "bnVsbA==",
          "dependencies": [
            "google_service_account.sa_gke"
          ]
        }
      ]
    },
    {
      "mode": "managed",
      "type": "google_project_iam_binding",
      "name": "sa_gke1",
      "provider": "provider[\"registry.terraform.io/hashicorp/google\"]",
      "instances": [
        {
          "schema_version": 0,
          "attributes": {
            "condition": [],
            "etag": "BwXVUika06g=",
            "id": "abdelrahman-saeed/roles/storage.objectAdmin",
            "members": [
              "serviceAccount:service-acount-for-gke-project@abdelrahman-saeed.iam.gserviceaccount.com"
            ],
            "project": "abdelrahman-saeed",
            "role": "roles/storage.objectAdmin"
          },
          "sensitive_attributes": [],
          "private": "bnVsbA==",
          "dependencies": [
            "google_service_account.sa_gke"
          ]
        }
      ]
    },
    {
      "mode": "managed",
      "type": "google_service_account",
      "name": "sa_gke",
      "provider": "provider[\"registry.terraform.io/hashicorp/google\"]",
      "instances": [
        {
          "schema_version": 0,
          "attributes": {
            "account_id": "service-acount-for-gke-project",
            "description": "",
            "disabled": false,
            "display_name": "service-acount-for-gke-project",
            "email": "service-acount-for-gke-project@abdelrahman-saeed.iam.gserviceaccount.com",
            "id": "projects/abdelrahman-saeed/serviceAccounts/service-acount-for-gke-project@abdelrahman-saeed.iam.gserviceaccount.com",
            "name": "projects/abdelrahman-saeed/serviceAccounts/service-acount-for-gke-project@abdelrahman-saeed.iam.gserviceaccount.com",
            "project": "abdelrahman-saeed",
            "timeouts": null,
            "unique_id": "105704759163111786432"
          },
          "sensitive_attributes": [],
          "private": "eyJlMmJmYjczMC1lY2FhLTExZTYtOGY4OC0zNDM2M2JjN2M0YzAiOnsiY3JlYXRlIjozMDAwMDAwMDAwMDB9fQ=="
        }
      ]
    }
  ]
}
